
Microsoft Visual Studio Solution File, Format Version 12.00
# Visual Studio 15
VisualStudioVersion = 15.0.26730.16
MinimumVisualStudioVersion = 10.0.40219.1
Project("{FAE04EC0-301F-11D3-BF4B-00C04F79EFBC}") = "01. Regeh", "01. Regeh\01. Regeh.csproj", "{057B7877-2ED2-431E-8E9B-B384C563D309}"
EndProject
Project("{FAE04EC0-301F-11D3-BF4B-00C04F79EFBC}") = "02. Knight Game", "02. Knight Game\02. Knight Game.csproj", "{327A904C-6F8E-4FB9-8849-91A48A426DD8}"
EndProject
Project("{FAE04EC0-301F-11D3-BF4B-00C04F79EFBC}") = "03. Number Wars", "03. Number Wars\03. Number Wars.csproj", "{2C4FF78D-E7CA-4AE5-BA61-5AC62C5E35A9}"
EndProject
Project("{FAE04EC0-301F-11D3-BF4B-00C04F79EFBC}") = "04. Hospital", "04. Hospital\04. Hospital.csproj", "{F584E9CB-2B7B-4265-AA17-CCF24A5EDC47}"
EndProject
Project("{FAE04EC0-301F-11D3-BF4B-00C04F79EFBC}") = "04. Hospital With Classes", "04. Hospital With Classes\04. Hospital With Classes.csproj", "{9DF650D0-4B46-4A48-AD9B-E8DBBB3AB5D6}"
EndProject
Global
	GlobalSection(SolutionConfigurationPlatforms) = preSolution
		Debug|Any CPU = Debug|Any CPU
		Release|Any CPU = Release|Any CPU
	EndGlobalSection
	GlobalSection(ProjectConfigurationPlatforms) = postSolution
		{057B7877-2ED2-431E-8E9B-B384C563D309}.Debug|Any CPU.ActiveCfg = Debug|Any CPU
		{057B7877-2ED2-431E-8E9B-B384C563D309}.Debug|Any CPU.Build.0 = Debug|Any CPU
		{057B7877-2ED2-431E-8E9B-B384C563D309}.Release|Any CPU.ActiveCfg = Release|Any CPU
		{057B7877-2ED2-431E-8E9B-B384C563D309}.Release|Any CPU.Build.0 = Release|Any CPU
		{327A904C-6F8E-4FB9-8849-91A48A426DD8}.Debug|Any CPU.ActiveCfg = Debug|Any CPU
		{327A904C-6F8E-4FB9-8849-91A48A426DD8}.Debug|Any CPU.Build.0 = Debug|Any CPU
		{327A904C-6F8E-4FB9-8849-91A48A426DD8}.Release|Any CPU.ActiveCfg = Release|Any CPU
		{327A904C-6F8E-4FB9-8849-91A48A426DD8}.Release|Any CPU.Build.0 = Release|Any CPU
		{2C4FF78D-E7CA-4AE5-BA61-5AC62C5E35A9}.Debug|Any CPU.ActiveCfg = Debug|Any CPU
		{2C4FF78D-E7CA-4AE5-BA61-5AC62C5E35A9}.Debug|Any CPU.Build.0 = Debug|Any CPU
		{2C4FF78D-E7CA-4AE5-BA61-5AC62C5E35A9}.Release|Any CPU.ActiveCfg = Release|Any CPU
		{2C4FF78D-E7CA-4AE5-BA61-5AC62C5E35A9}.Release|Any CPU.Build.0 = Release|Any CPU
		{F584E9CB-2B7B-4265-AA17-CCF24A5EDC47}.Debug|Any CPU.ActiveCfg = Debug|Any CPU
		{F584E9CB-2B7B-4265-AA17-CCF24A5EDC47}.Debug|Any CPU.Build.0 = Debug|Any CPU
		{F584E9CB-2B7B-4265-AA17-CCF24A5EDC47}.Release|Any CPU.ActiveCfg = Release|Any CPU
		{F584E9CB-2B7B-4265-AA17-CCF24A5EDC47}.Release|Any CPU.Build.0 = Release|Any CPU
		{9DF650D0-4B46-4A48-AD9B-E8DBBB3AB5D6}.Debug|Any CPU.ActiveCfg = Debug|Any CPU
		{9DF650D0-4B46-4A48-AD9B-E8DBBB3AB5D6}.Debug|Any CPU.Build.0 = Debug|Any CPU
		{9DF650D0-4B46-4A48-AD9B-E8DBBB3AB5D6}.Release|Any CPU.ActiveCfg = Release|Any CPU
		{9DF650D0-4B46-4A48-AD9B-E8DBBB3AB5D6}.Release|Any CPU.Build.0 = Release|Any CPU
	EndGlobalSection
	GlobalSection(SolutionProperties) = preSolution
		HideSolutionNode = FALSE
	EndGlobalSection
	GlobalSection(ExtensibilityGlobals) = postSolution
		SolutionGuid = {B7630AD6-FEBA-4C6B-8E95-31185E1C20D5}
	EndGlobalSection
EndGlobal
