
Microsoft Visual Studio Solution File, Format Version 12.00
# Visual Studio 15
VisualStudioVersion = 15.0.26730.16
MinimumVisualStudioVersion = 10.0.40219.1
Project("{FAE04EC0-301F-11D3-BF4B-00C04F79EFBC}") = "01.Snowballs", "01.Snowballs\01.Snowballs.csproj", "{5273ADCA-B836-430D-BCB2-675F2DA27183}"
EndProject
Project("{FAE04EC0-301F-11D3-BF4B-00C04F79EFBC}") = "02. Snowmen", "02. Snowmen\02. Snowmen.csproj", "{4BD0396E-D361-48CE-B524-0DAD0084E56F}"
EndProject
Global
	GlobalSection(SolutionConfigurationPlatforms) = preSolution
		Debug|Any CPU = Debug|Any CPU
		Release|Any CPU = Release|Any CPU
	EndGlobalSection
	GlobalSection(ProjectConfigurationPlatforms) = postSolution
		{5273ADCA-B836-430D-BCB2-675F2DA27183}.Debug|Any CPU.ActiveCfg = Debug|Any CPU
		{5273ADCA-B836-430D-BCB2-675F2DA27183}.Debug|Any CPU.Build.0 = Debug|Any CPU
		{5273ADCA-B836-430D-BCB2-675F2DA27183}.Release|Any CPU.ActiveCfg = Release|Any CPU
		{5273ADCA-B836-430D-BCB2-675F2DA27183}.Release|Any CPU.Build.0 = Release|Any CPU
		{4BD0396E-D361-48CE-B524-0DAD0084E56F}.Debug|Any CPU.ActiveCfg = Debug|Any CPU
		{4BD0396E-D361-48CE-B524-0DAD0084E56F}.Debug|Any CPU.Build.0 = Debug|Any CPU
		{4BD0396E-D361-48CE-B524-0DAD0084E56F}.Release|Any CPU.ActiveCfg = Release|Any CPU
		{4BD0396E-D361-48CE-B524-0DAD0084E56F}.Release|Any CPU.Build.0 = Release|Any CPU
	EndGlobalSection
	GlobalSection(SolutionProperties) = preSolution
		HideSolutionNode = FALSE
	EndGlobalSection
	GlobalSection(ExtensibilityGlobals) = postSolution
		SolutionGuid = {AAEBA628-591E-4E88-83CA-77D85F08092A}
	EndGlobalSection
EndGlobal
